
Microsoft Visual Studio Solution File, Format Version 12.00
# Visual Studio Version 16
VisualStudioVersion = 16.0.30517.126
MinimumVisualStudioVersion = 10.0.40219.1
Project("{FAE04EC0-301F-11D3-BF4B-00C04F79EFBC}") = "SoftwareEngineeringSilkRoad", "SoftwareEngineeringSilkRoad\SoftwareEngineeringSilkRoad.csproj", "{00DEA2FC-D2F6-4E0C-B04C-11CDE0EF19AD}"
EndProject
Global
	GlobalSection(SolutionConfigurationPlatforms) = preSolution
		Debug|Any CPU = Debug|Any CPU
		Release|Any CPU = Release|Any CPU
	EndGlobalSection
	GlobalSection(ProjectConfigurationPlatforms) = postSolution
		{00DEA2FC-D2F6-4E0C-B04C-11CDE0EF19AD}.Debug|Any CPU.ActiveCfg = Debug|Any CPU
		{00DEA2FC-D2F6-4E0C-B04C-11CDE0EF19AD}.Debug|Any CPU.Build.0 = Debug|Any CPU
		{00DEA2FC-D2F6-4E0C-B04C-11CDE0EF19AD}.Release|Any CPU.ActiveCfg = Release|Any CPU
		{00DEA2FC-D2F6-4E0C-B04C-11CDE0EF19AD}.Release|Any CPU.Build.0 = Release|Any CPU
	EndGlobalSection
	GlobalSection(SolutionProperties) = preSolution
		HideSolutionNode = FALSE
	EndGlobalSection
	GlobalSection(ExtensibilityGlobals) = postSolution
		SolutionGuid = {DE3B118E-6F47-49ED-BB9B-80054E6D6942}
	EndGlobalSection
EndGlobal
